lockfileVersion: '9.0'

settings:
  autoInstallPeers: true
  excludeLinksFromLockfile: false

importers:

  .:
    dependencies:
      '@actions/core':
        specifier: ^1.11.1
        version: 1.11.1
      '@aws-sdk/client-s3':
        specifier: ^3.1096.0
        version: 3.1096.0
      '@proof-computer/liskov-runtime':
        specifier: github:proof-computer/liskov-runtime-js#89729b2a59d817a43fbae786bdcdcd4fce900fc3
        version: https://codeload.github.com/proof-computer/liskov-runtime-js/tar.gz/89729b2a59d817a43fbae786bdcdcd4fce900fc3
      adm-zip:
        specifier: ^0.5.17
        version: 0.5.17
    devDependencies:
      '@types/adm-zip':
        specifier: ^0.5.8
        version: 0.5.8
      '@types/node':
        specifier: ^24.10.1
        version: 24.13.2
      esbuild:
        specifier: ^0.28.0
        version: 0.28.1
      tsx:
        specifier: ^4.20.6
        version: 4.22.4
      typescript:
        specifier: ^5.9.3
        version: 5.9.3
      yaml:
        specifier: ^2.9.0
        version: 2.9.0

packages:

  '@actions/core@1.11.1':
    resolution: {integrity: sha512-hXJCSrkwfA46Vd9Z3q4cpEpHB1rL5NG04+/rbqW9d3+CSvtB1tYe8UTpAlixa1vj0m/ULglfEK2UKxMGxCxv5A==}

  '@actions/exec@1.1.1':
    resolution: {integrity: sha512-+sCcHHbVdk93a0XT19ECtO/gIXoxvdsgQLzb2fE2/5sIZmWQuluYyjPQtrtTHdU1YzTZ7bAPN4sITq2xi1679w==}

  '@actions/http-client@2.2.3':
    resolution: {integrity: sha512-mx8hyJi/hjFvbPokCg4uRd4ZX78t+YyRPtnKWwIl+RzNaVuFpQHfmlGVfsKEJN8LwTCvL+DfVgAM04XaHkm6bA==}

  '@actions/io@1.1.3':
    resolution: {integrity: sha512-wi9JjgKLYS7U/z8PPbco+PvTb/nRWjeoFlJ1Qer83k/3C5PHQi28hiVdeE2kHXmIL99mQFawx8qt/JPjZilJ8Q==}

  '@aws-sdk/checksums@3.1000.21':
    resolution: {integrity: sha512-AcYTunavv8dqm9u2pbq/gIlFERUo+jQDKKLZpYOgMLLytoAJ/qoyuhWj97FB7UzpMFVJNzMEUylzKK/s/05org==}
    engines: {node: '>=20.0.0'}

  '@aws-sdk/client-s3@3.1096.0':
    resolution: {integrity: sha512-sEx7KAEtkp1UqOoWQv2baM1rreClZG7o9YE8EfPvYpPBvGad1fQRG3sMHrOPMkIdZ9VjGRl25GiaG1MSeie2Mw==}
    engines: {node: '>=20.0.0'}

  '@aws-sdk/core@3.977.1':
    resolution: {integrity: sha512-KVtQRtc00ES/y+Sc3vYXeP6pCIcNlBJCZOwvqSy8ZpVGmbM5+IG+AfhuTKQ2oXmIVqZJewaGMMpzPkywC6xg0w==}
    engines: {node: '>=20.0.0'}

  '@aws-sdk/credential-provider-env@3.972.62':
    resolution: {integrity: sha512-BkDrk2cNjed31IKin/Oksb2ziF+gfuyRskFVuT4EU9Mep7M8Y/d8DJG4+anHme4Vuse7CwaEscwEfGyR6mzBhQ==}
    engines: {node: '>=20.0.0'}

  '@aws-sdk/credential-provider-http@3.972.64':
    resolution: {integrity: sha512-Wj1FGK2IxY5EccQCvH+niTYhIvDoDujJf2CpRRgS3NpYNEgiFNVItNbJYQjINRlu7fG7jSsXkKV0UWKriEplrw==}
    engines: {node: '>=20.0.0'}

  '@aws-sdk/credential-provider-ini@3.973.7':
    resolution: {integrity: sha512-2CefB8cCxDu52P24B8Ay93/cTT199bcSvNHQ8e2f4BjSCF83yErBnTIZEBo0VeIgCfmw+PJKFUXnlQWxm2dkug==}
    engines: {node: '>=20.0.0'}

  '@aws-sdk/credential-provider-login@3.972.69':
    resolution: {integrity: sha512-gM3j0Ie9+FoLNTYODY+QWbg3vCRBc7mR9cRdntxTMkFYIrwfRmuucfavP6HNBlYSuaYww54TNJGej4GFgoPZAg==}
    engines: {node: '>=20.0.0'}

  '@aws-sdk/credential-provider-node@3.972.73':
    resolution: {integrity: sha512-VTzdbf8Ukjdb9yUubZzRI678CWZvKovhE8Nv3qihwhC187sRMGls+r9N8Wuht5q1xjKx2nmpS48ar8ppupjkCA==}
    engines: {node: '>=20.0.0'}

  '@aws-sdk/credential-provider-process@3.972.62':
    resolution: {integrity: sha512-zXYU9UWNL66gtMgNLhmxlrvEokuI7r6G2q7FRGu41Bya4iS30JLelUipJX9SV4zhyCPWJhI9Li54R1d9H8Tq6A==}
    engines: {node: '>=20.0.0'}

  '@aws-sdk/credential-provider-sso@3.973.6':
    resolution: {integrity: sha512-DobZggy3K49xdCpjeyMou0FQhkoYbluVGNydL6D+lcxF8GoAsttFX0xnH5GmiQ89We5dB6TRpW+CD/VowBH6HQ==}
    engines: {node: '>=20.0.0'}

  '@aws-sdk/credential-provider-web-identity@3.972.68':
    resolution: {integrity: sha512-bq+yTt+uWJx60VVp/OIAX5xqUAu/K2Uc3eknWnWl+KtfcU2CQe0uNw6lySrn2t5GKHq7jsV0Z63HiBGVtzr/lg==}
    engines: {node: '>=20.0.0'}

  '@aws-sdk/middleware-sdk-s3@3.972.67':
    resolution: {integrity: sha512-aB1ahF9z4J5r8YK1QodwNX/P8XSKBFtnjf7h72XCs0BP3rtThOiXeA3Lm+Z+8tiN9Iwl5otsGeHaXmQoQ5MVfA==}
    engines: {node: '>=20.0.0'}

  '@aws-sdk/nested-clients@3.997.36':
    resolution: {integrity: sha512-b71Suv7L+DnhM0MsQHU4WO42I32kxLZi96PbVhZbxMYIoKnEZz3v+LSrG8fupAoA4cBSshCk1Dl/PeRz49qUSg==}
    engines: {node: '>=20.0.0'}

  '@aws-sdk/signature-v4-multi-region@3.996.42':
    resolution: {integrity: sha512-DBV4naZP6HYBlAvPpoQzOP12Wvfou/5rN8yJPXjBTBylU5qwCbh/tXr2MddHoIjgoRkEl/eS+IljiUqvmwey1Q==}
    engines: {node: '>=20.0.0'}

  '@aws-sdk/token-providers@3.1096.0':
    resolution: {integrity: sha512-hdUS2hDppy3vkWeFl5y86RLNU6OWH2mQB09yOSsRefwhhGTSFPkaZvfLDD/9vFcvMzlr8QFQFw3fw2FtrurVQA==}
    engines: {node: '>=20.0.0'}

  '@aws-sdk/types@3.974.2':
    resolution: {integrity: sha512-3W6IUtSxFbH6X7Wb7DzGCV5QiFQsd0g8bOfntpmDxQlzBoKWUMBu/JPQR0DwkE+Hpnxd6db1tXbOwdeHddG6cA==}
    engines: {node: '>=20.0.0'}

  '@aws-sdk/xml-builder@3.972.37':
    resolution: {integrity: sha512-zKq4HQum8JwDyEuyfuI4bbiAcU0KxP6qy+9PR/IsR92IyE/DaBAikzAS50tjxip4bqIIANpCcG+Yyj6CVhXupg==}
    engines: {node: '>=20.0.0'}

  '@aws/lambda-invoke-store@0.3.0':
    resolution: {integrity: sha512-sl4Bm6yiMNYrZKkqqDFWN0UfnWhlS8ivKxrYl+6t0gCLrqr8y3B2IqZZbFRkfaVVp7C/baApyh71P+LeE1A2sQ==}
    engines: {node: '>=18.0.0'}

  '@esbuild/aix-ppc64@0.28.1':
    resolution: {integrity: sha512-Svl7tq8k/08+p6CXPpRjQ1fKX+1odH/BQbb48fV6fj3CWHhsoIOoY87w1oHXm0qEpkIK3ZfVgp0hed3XBXzXMQ==}
    engines: {node: '>=18'}
    cpu: [ppc64]
    os: [aix]

  '@esbuild/android-arm64@0.28.1':
    resolution: {integrity: sha512-34EGEbCIAgosYz6goLcopX6Mo7NyGv9tfwEM2/7Ce2VcVRk568iSvniGWcUXIy7wEDR1wzolcxcriFVrWYcwBg==}
    engines: {node: '>=18'}
    cpu: [arm64]
    os: [android]

  '@esbuild/android-arm@0.28.1':
    resolution: {integrity: sha512-0k2F129Xdio1TdJfzJ8sy1Q47vUD2NnwdhiAf7drUN1EBTfPf4hsFCtmMgu/6m8JSzsBrlmVjudMBQqOfG8usQ==}
    engines: {node: '>=18'}
    cpu: [arm]
    os: [android]

  '@esbuild/android-x64@0.28.1':
    resolution: {integrity: sha512-dbwY7ltSMDWsRatcRpCnES4F+im88OCUgGZjy52shC7GqHRE/cYlxNbB4Z4UpJswpcc4Qxd2oE/ufM0p61IKng==}
    engines: {node: '>=18'}
    cpu: [x64]
    os: [android]

  '@esbuild/darwin-arm64@0.28.1':
    resolution: {integrity: sha512-TZbWkQY7kvTAXbXUT7uVACR5cMHsDiSz9z7ZKAX/RTq/WJEk3QyRr0wZpNhBDX+/0CtdqUIJlOiodQcta6tY3Q==}
    engines: {node: '>=18'}
    cpu: [arm64]
    os: [darwin]

  '@esbuild/darwin-x64@0.28.1':
    resolution: {integrity: sha512-zfdzgK9ACBNZLI/CyHTOx81SyNbM6YXn7rxSgX97VjyiPl9W1i4Ka4fgKECEoFCKGpvBj5qArWIGgQjOwkgskQ==}
    engines: {node: '>=18'}
    cpu: [x64]
    os: [darwin]

  '@esbuild/freebsd-arm64@0.28.1':
    resolution: {integrity: sha512-wG2EA8ENdEI0qhkSZMjfqrdY+ziCYCPMmtZjjIwOmXFjmyzEHn+UUxk5of+SYsjtfs3VpnlC7QLzSI5hY/rOAw==}
    engines: {node: '>=18'}
    cpu: [arm64]
    os: [freebsd]

  '@esbuild/freebsd-x64@0.28.1':
    resolution: {integrity: sha512-i7dZ9vQgnvSCzi/rYCXNgtF/U+eKZNJBzu3eTQbRgHnM7tNSizLOkRFAl3qzVc/Op/u5YkHHa4pf/3DOYHthLQ==}
    engines: {node: '>=18'}
    cpu: [x64]
    os: [freebsd]

  '@esbuild/linux-arm64@0.28.1':
    resolution: {integrity: sha512-yHs+0uc8+nvEAfAfxrWQKK5peSNzBc4PegcMO0EJ2hT71uA7vB8Ihg2e77R2P7SG5uYjPbHlLLmve4LLLRCf0g==}
    engines: {node: '>=18'}
    cpu: [arm64]
    os: [linux]

  '@esbuild/linux-arm@0.28.1':
    resolution: {integrity: sha512-qVXBOHQS+d5Y722GwJzJUtOLlX7km3CraOaGormF1pDtPd2C/l1SHRPgjLunLGe51Sh5YYWKMFDyV4SxgMQYTQ==}
    engines: {node: '>=18'}
    cpu: [arm]
    os: [linux]

  '@esbuild/linux-ia32@0.28.1':
    resolution: {integrity: sha512-d1z4ZuP0ajrfz/FhGT4vv278rX8KnPPJx8i5+AtK7TYbx9Le9F1hyzurZpkEyjkGa9dUGhQow4C1NmeGvqxN2w==}
    engines: {node: '>=18'}
    cpu: [ia32]
    os: [linux]

  '@esbuild/linux-loong64@0.28.1':
    resolution: {integrity: sha512-M5sRjUVZrkm1OAPR3dlOYzNmN+loZKGVi1VUQGrwuqLcbR6qeAz+famMhjASeH3YVKvZz+zT1jlh/keC3Rj/lg==}
    engines: {node: '>=18'}
    cpu: [loong64]
    os: [linux]

  '@esbuild/linux-mips64el@0.28.1':
    resolution: {integrity: sha512-mRObBZeHh2OxcBFPWE/FjylkRgZdYuiTR3vaTozquCGOH14iP9oN4x4Ge81CoIDYQrXmIxpFumJBu5MtZpnQJQ==}
    engines: {node: '>=18'}
    cpu: [mips64el]
    os: [linux]

  '@esbuild/linux-ppc64@0.28.1':
    resolution: {integrity: sha512-slScBsMAb3GFDcdrCgLwZtPYRoH2H/youv10QiZyRjmsP48fznoveWytSgCI/R0ZcUgpc0ZhIUEx6LHts8yrfQ==}
    engines: {node: '>=18'}
    cpu: [ppc64]
    os: [linux]

  '@esbuild/linux-riscv64@0.28.1':
    resolution: {integrity: sha512-kw0owk1o0GFETUJyW0jc0G4Yzs0BHZn0JDZ8JRT088vjJYX777BAs1fDGxAC+q831qOs2DTC96mNsG2opdfyyQ==}
    engines: {node: '>=18'}
    cpu: [riscv64]
    os: [linux]

  '@esbuild/linux-s390x@0.28.1':
    resolution: {integrity: sha512-/lAIjX8aYFRByhh6L5rYtPEDRqa9de/4V/juOXcta5frjvzXO4/sqEtyytse0g3zZFuWu5cDN0MkLz2qRDD2Ag==}
    engines: {node: '>=18'}
    cpu: [s390x]
    os: [linux]

  '@esbuild/linux-x64@0.28.1':
    resolution: {integrity: sha512-u/anNYF2mmVOEDwLtnQ1wOr3EZ9sTNGLWrsYGYwHWzGA3Si84IOkHXlbWTD1NB+9/1lcnweYKO54uhxZydNzfA==}
    engines: {node: '>=18'}
    cpu: [x64]
    os: [linux]

  '@esbuild/netbsd-arm64@0.28.1':
    resolution: {integrity: sha512-oks0DYbLwWMmaakTsCb+zL4E+aHRVLom9IJZOAthMQEPiQmydXHkziYEsGYRx0uNV/IjEKGAV941JzH02pflqw==}
    engines: {node: '>=18'}
    cpu: [arm64]
    os: [netbsd]

  '@esbuild/netbsd-x64@0.28.1':
    resolution: {integrity: sha512-aeL6lAnN89Hz43Mlh1G8ARasbuoYvSITDEx0tHh5b7jJnHcssqgjy9Yx430GDpmCa6OyrKoS0aNRjKundRizGg==}
    engines: {node: '>=18'}
    cpu: [x64]
    os: [netbsd]

  '@esbuild/openbsd-arm64@0.28.1':
    resolution: {integrity: sha512-MEFJe5C3R8pwXdZ5Y21oo6m7ePiS0d9pWucn99O/wvyJZChoIQKrQDxKrGeW8F5+T0okTHesAmDeiHDTIq0V/Q==}
    engines: {node: '>=18'}
    cpu: [arm64]
    os: [openbsd]

  '@esbuild/openbsd-x64@0.28.1':
    resolution: {integrity: sha512-i/ZLIOafE0Z8cI/XANJAixoJL/uRAoS2xOA3rb0xN+KK0K177cMAsQYkzHtBrtMXAKuAc7HGgcWiZ/sRC1Nxgw==}
    engines: {node: '>=18'}
    cpu: [x64]
    os: [openbsd]

  '@esbuild/openharmony-arm64@0.28.1':
    resolution: {integrity: sha512-ge+Z7EXFNt2BO1oAMsVpiQ8EwndV9i1xXerAeTIK7AtPs3bKFXQM7nlRxDSIUIMeueR1CNXxqztLzdNeReKBJg==}
    engines: {node: '>=18'}
    cpu: [arm64]
    os: [openharmony]

  '@esbuild/sunos-x64@0.28.1':
    resolution: {integrity: sha512-BEjgtECkL3vY+SaSQ6nzVfiALUeFxpawyp8Jmf5PtYhf1Ug40N1h/hxlhts+f1FvSvarEigdxS3BlSMI2PJLcQ==}
    engines: {node: '>=18'}
    cpu: [x64]
    os: [sunos]

  '@esbuild/win32-arm64@0.28.1':
    resolution: {integrity: sha512-lCv9eK/H6ZJWbE7bh2nw54CZ9M2nupBxJcTsdk/QQnWkdSjKGuxmmH8/GWrlT1eMmZfn4dGcCjRte397WqfQXA==}
    engines: {node: '>=18'}
    cpu: [arm64]
    os: [win32]

  '@esbuild/win32-ia32@0.28.1':
    resolution: {integrity: sha512-zvb/mB2bSCoJOpoCBgYKKpX6YM6mJBlBUVUtVj41DlZJVEB6/0CKlRYxP5wWl1C1ILiCoAU5wZZ4q1P3qeS6Eg==}
    engines: {node: '>=18'}
    cpu: [ia32]
    os: [win32]

  '@esbuild/win32-x64@0.28.1':
    resolution: {integrity: sha512-bm4Mowrv+GXMlpWX++EcXw/iLyd1o3+bJkC2DkWXYVvgZCqD/bSj9ctZeAMC3cIxgjRVR2Dufaiu4YPxr5gW1A==}
    engines: {node: '>=18'}
    cpu: [x64]
    os: [win32]

  '@fastify/busboy@2.1.1':
    resolution: {integrity: sha512-vBZP4NlzfOlerQTnba4aqZoMhE/a9HY7HRqoOPaETQcSQuWEIyZMHGfVu6w9wGtGK5fED5qRs2DteVCjOH60sA==}
    engines: {node: '>=14'}

  '@proof-computer/liskov-runtime@https://codeload.github.com/proof-computer/liskov-runtime-js/tar.gz/89729b2a59d817a43fbae786bdcdcd4fce900fc3':
    resolution: {tarball: https://codeload.github.com/proof-computer/liskov-runtime-js/tar.gz/89729b2a59d817a43fbae786bdcdcd4fce900fc3}
    version: 0.3.30
    engines: {node: '>=22'}

  '@smithy/core@3.31.0':
    resolution: {integrity: sha512-sylYk2l9d7CmRv8ts8p0SDQUr3VO+HMeS1nrjL6+UtbO8ktJHTOeQ1McX+aAyvGGccp5aZX9eNtdcXrSwzoZaw==}
    engines: {node: '>=18.0.0'}

  '@smithy/credential-provider-imds@4.4.15':
    resolution: {integrity: sha512-xYVGrisQqTJWhOnScUhbx8s9H63TMtoxzuUoxG6mP8J+B/YbX3vZxVsgV0xDf43abJnJP0fjP7BkQh7OESwuRA==}
    engines: {node: '>=18.0.0'}

  '@smithy/fetch-http-handler@5.6.12':
    resolution: {integrity: sha512-OpQgP6IGH4j0NJ2zjfYZLjQL85ai+Wi/q51EmZJovXsEwKSvu89qiXUq77Q6EmwZ/hSl7fKpn2Z9mhiDN6OM+Q==}
    engines: {node: '>=18.0.0'}

  '@smithy/node-http-handler@4.9.12':
    resolution: {integrity: sha512-dWW5KRt4mnEvjNzbGqGeCuAvgum85Y9ZoyuMQqcTEfapndyVJ1k9BEHK7kdXJZ32enyRmmwcFjMwlB/KgLKI3Q==}
    engines: {node: '>=18.0.0'}

  '@smithy/signature-v4@5.6.11':
    resolution: {integrity: sha512-7HsspeiNCZvZHEJ22vV5L/QYuJdTyJvPJvMrYD3AgkM3IJB0pkln4jkjPvtpTWRMkHXbO8WKwNjoVdVlBFwHmw==}
    engines: {node: '>=18.0.0'}

  '@smithy/types@4.16.1':
    resolution: {integrity: sha512-0JFs3V2y2M9tKW5na/qxe69Zv+uxLMO7QBbhxF/FHu/Gp2NFZAAL9tWl9PU02xxo07pb3G9FTyjNc6D5uZrJIg==}
    engines: {node: '>=18.0.0'}

  '@types/adm-zip@0.5.8':
    resolution: {integrity: sha512-RVVH7QvZYbN+ihqZ4kX/dMiowf6o+Jk1fNwiSdx0NahBJLU787zkULhGhJM8mf/obmLGmgdMM0bXsQTmyfbR7Q==}

  '@types/node@24.13.2':
    resolution: {integrity: sha512-fRa09kZTgu8o71KFcDjUFuc7F+dEbZYZmkI0mg5YBTRs0yMKjYHsq/c0urDKeDb+D5qVgXOdFcuu+DZPKOITwA==}

  adm-zip@0.5.17:
    resolution: {integrity: sha512-+Ut8d9LLqwEvHHJl1+PIHqoyDxFgVN847JTVM3Izi3xHDWPE4UtzzXysMZQs64DMcrJfBeS/uoEP4AD3HQHnQQ==}
    engines: {node: '>=12.0'}

  bowser@2.14.1:
    resolution: {integrity: sha512-tzPjzCxygAKWFOJP011oxFHs57HzIhOEracIgAePE4pqB3LikALKnSzUyU4MGs9/iCEUuHlAJTjTc5M+u7YEGg==}

  esbuild@0.28.1:
    resolution: {integrity: sha512-HrJrvZv5ayxBzPfwphOoNzkzOIIlifzk0KJrGK2c8R4+LKpMtpYLQeUdjnwjWv/LZlkH2laZk+4w78pi99D4Vw==}
    engines: {node: '>=18'}
    hasBin: true

  fsevents@2.3.3:
    resolution: {integrity: sha512-5xoDfX+fL7faATnagmWPpbFtwh/R77WmMMqqHGS65C3vvB0YHrgF+B1YmZ3441tMj5n63k0212XNoJwzlhffQw==}
    engines: {node: ^8.16.0 || ^10.6.0 || >=11.0.0}
    os: [darwin]

  tslib@2.8.1:
    resolution: {integrity: sha512-oJFu94HQb+KVduSUQL7wnpmqnfmLsOA/nAh6b6EH0wCEoK0/mPeXU6c3wKDV83MkOuHPRHtSXKKU99IBazS/2w==}

  tsx@4.22.4:
    resolution: {integrity: sha512-X8EX+XV4QR5xCsrgxaED954zTDfY8KqlDtskKEL0cHhyS/P8b4IFOvGDQpsC9Q1XnLq915wEfwwY/zzskCtmhg==}
    engines: {node: '>=18.0.0'}
    hasBin: true

  tunnel@0.0.6:
    resolution: {integrity: sha512-1h/Lnq9yajKY2PEbBadPXj3VxsDDu844OnaAo52UVmIzIvwwtBPIuNvkjuzBlTWpfJyUbG3ez0KSBibQkj4ojg==}
    engines: {node: '>=0.6.11 <=0.7.0 || >=0.7.3'}

  typescript@5.9.3:
    resolution: {integrity: sha512-jl1vZzPDinLr9eUt3J/t7V6FgNEw9QjvBPdysz9KfQDD41fQrC2Y4vKQdiaUpFT4bXlb1RHhLpp8wtm6M5TgSw==}
    engines: {node: '>=14.17'}
    hasBin: true

  undici-types@7.18.2:
    resolution: {integrity: sha512-AsuCzffGHJybSaRrmr5eHr81mwJU3kjw6M+uprWvCXiNeN9SOGwQ3Jn8jb8m3Z6izVgknn1R0FTCEAP2QrLY/w==}

  undici@5.29.0:
    resolution: {integrity: sha512-raqeBD6NQK4SkWhQzeYKd1KmIG6dllBOTt55Rmkt4HtI9mwdWtJljnrXjAFUBLTSN67HWrOIZ3EPF4kjUw80Bg==}
    engines: {node: '>=14.0'}

  yaml@2.9.0:
    resolution: {integrity: sha512-2AvhNX3mb8zd6Zy7INTtSpl1F15HW6Wnqj0srWlkKLcpYl/gMIMJiyuGq2KeI2YFxUPjdlB+3Lc10seMLtL4cA==}
    engines: {node: '>= 14.6'}
    hasBin: true

snapshots:

  '@actions/core@1.11.1':
    dependencies:
      '@actions/exec': 1.1.1
      '@actions/http-client': 2.2.3

  '@actions/exec@1.1.1':
    dependencies:
      '@actions/io': 1.1.3

  '@actions/http-client@2.2.3':
    dependencies:
      tunnel: 0.0.6
      undici: 5.29.0

  '@actions/io@1.1.3': {}

  '@aws-sdk/checksums@3.1000.21':
    dependencies:
      '@aws-sdk/core': 3.977.1
      '@aws-sdk/types': 3.974.2
      '@smithy/core': 3.31.0
      '@smithy/types': 4.16.1
      tslib: 2.8.1

  '@aws-sdk/client-s3@3.1096.0':
    dependencies:
      '@aws-sdk/checksums': 3.1000.21
      '@aws-sdk/core': 3.977.1
      '@aws-sdk/credential-provider-node': 3.972.73
      '@aws-sdk/middleware-sdk-s3': 3.972.67
      '@aws-sdk/signature-v4-multi-region': 3.996.42
      '@aws-sdk/types': 3.974.2
      '@smithy/core': 3.31.0
      '@smithy/fetch-http-handler': 5.6.12
      '@smithy/node-http-handler': 4.9.12
      '@smithy/types': 4.16.1
      tslib: 2.8.1

  '@aws-sdk/core@3.977.1':
    dependencies:
      '@aws-sdk/types': 3.974.2
      '@aws-sdk/xml-builder': 3.972.37
      '@aws/lambda-invoke-store': 0.3.0
      '@smithy/core': 3.31.0
      '@smithy/signature-v4': 5.6.11
      '@smithy/types': 4.16.1
      bowser: 2.14.1
      tslib: 2.8.1

  '@aws-sdk/credential-provider-env@3.972.62':
    dependencies:
      '@aws-sdk/core': 3.977.1
      '@aws-sdk/types': 3.974.2
      '@smithy/core': 3.31.0
      '@smithy/types': 4.16.1
      tslib: 2.8.1

  '@aws-sdk/credential-provider-http@3.972.64':
    dependencies:
      '@aws-sdk/core': 3.977.1
      '@aws-sdk/types': 3.974.2
      '@smithy/core': 3.31.0
      '@smithy/fetch-http-handler': 5.6.12
      '@smithy/node-http-handler': 4.9.12
      '@smithy/types': 4.16.1
      tslib: 2.8.1

  '@aws-sdk/credential-provider-ini@3.973.7':
    dependencies:
      '@aws-sdk/core': 3.977.1
      '@aws-sdk/credential-provider-env': 3.972.62
      '@aws-sdk/credential-provider-http': 3.972.64
      '@aws-sdk/credential-provider-login': 3.972.69
      '@aws-sdk/credential-provider-process': 3.972.62
      '@aws-sdk/credential-provider-sso': 3.973.6
      '@aws-sdk/credential-provider-web-identity': 3.972.68
      '@aws-sdk/nested-clients': 3.997.36
      '@aws-sdk/types': 3.974.2
      '@smithy/core': 3.31.0
      '@smithy/credential-provider-imds': 4.4.15
      '@smithy/types': 4.16.1
      tslib: 2.8.1

  '@aws-sdk/credential-provider-login@3.972.69':
    dependencies:
      '@aws-sdk/core': 3.977.1
      '@aws-sdk/nested-clients': 3.997.36
      '@aws-sdk/types': 3.974.2
      '@smithy/core': 3.31.0
      '@smithy/types': 4.16.1
      tslib: 2.8.1

  '@aws-sdk/credential-provider-node@3.972.73':
    dependencies:
      '@aws-sdk/credential-provider-env': 3.972.62
      '@aws-sdk/credential-provider-http': 3.972.64
      '@aws-sdk/credential-provider-ini': 3.973.7
      '@aws-sdk/credential-provider-process': 3.972.62
      '@aws-sdk/credential-provider-sso': 3.973.6
      '@aws-sdk/credential-provider-web-identity': 3.972.68
      '@aws-sdk/types': 3.974.2
      '@smithy/core': 3.31.0
      '@smithy/credential-provider-imds': 4.4.15
      '@smithy/types': 4.16.1
      tslib: 2.8.1

  '@aws-sdk/credential-provider-process@3.972.62':
    dependencies:
      '@aws-sdk/core': 3.977.1
      '@aws-sdk/types': 3.974.2
      '@smithy/core': 3.31.0
      '@smithy/types': 4.16.1
      tslib: 2.8.1

  '@aws-sdk/credential-provider-sso@3.973.6':
    dependencies:
      '@aws-sdk/core': 3.977.1
      '@aws-sdk/nested-clients': 3.997.36
      '@aws-sdk/token-providers': 3.1096.0
      '@aws-sdk/types': 3.974.2
      '@smithy/core': 3.31.0
      '@smithy/types': 4.16.1
      tslib: 2.8.1

  '@aws-sdk/credential-provider-web-identity@3.972.68':
    dependencies:
      '@aws-sdk/core': 3.977.1
      '@aws-sdk/nested-clients': 3.997.36
      '@aws-sdk/types': 3.974.2
      '@smithy/core': 3.31.0
      '@smithy/types': 4.16.1
      tslib: 2.8.1

  '@aws-sdk/middleware-sdk-s3@3.972.67':
    dependencies:
      '@aws-sdk/core': 3.977.1
      '@aws-sdk/signature-v4-multi-region': 3.996.42
      '@aws-sdk/types': 3.974.2
      '@smithy/core': 3.31.0
      '@smithy/types': 4.16.1
      tslib: 2.8.1

  '@aws-sdk/nested-clients@3.997.36':
    dependencies:
      '@aws-sdk/core': 3.977.1
      '@aws-sdk/signature-v4-multi-region': 3.996.42
      '@aws-sdk/types': 3.974.2
      '@smithy/core': 3.31.0
      '@smithy/fetch-http-handler': 5.6.12
      '@smithy/node-http-handler': 4.9.12
      '@smithy/types': 4.16.1
      tslib: 2.8.1

  '@aws-sdk/signature-v4-multi-region@3.996.42':
    dependencies:
      '@aws-sdk/types': 3.974.2
      '@smithy/signature-v4': 5.6.11
      '@smithy/types': 4.16.1
      tslib: 2.8.1

  '@aws-sdk/token-providers@3.1096.0':
    dependencies:
      '@aws-sdk/core': 3.977.1
      '@aws-sdk/nested-clients': 3.997.36
      '@aws-sdk/types': 3.974.2
      '@smithy/core': 3.31.0
      '@smithy/types': 4.16.1
      tslib: 2.8.1

  '@aws-sdk/types@3.974.2':
    dependencies:
      '@smithy/types': 4.16.1
      tslib: 2.8.1

  '@aws-sdk/xml-builder@3.972.37':
    dependencies:
      '@smithy/types': 4.16.1
      tslib: 2.8.1

  '@aws/lambda-invoke-store@0.3.0': {}

  '@esbuild/aix-ppc64@0.28.1':
    optional: true

  '@esbuild/android-arm64@0.28.1':
    optional: true

  '@esbuild/android-arm@0.28.1':
    optional: true

  '@esbuild/android-x64@0.28.1':
    optional: true

  '@esbuild/darwin-arm64@0.28.1':
    optional: true

  '@esbuild/darwin-x64@0.28.1':
    optional: true

  '@esbuild/freebsd-arm64@0.28.1':
    optional: true

  '@esbuild/freebsd-x64@0.28.1':
    optional: true

  '@esbuild/linux-arm64@0.28.1':
    optional: true

  '@esbuild/linux-arm@0.28.1':
    optional: true

  '@esbuild/linux-ia32@0.28.1':
    optional: true

  '@esbuild/linux-loong64@0.28.1':
    optional: true

  '@esbuild/linux-mips64el@0.28.1':
    optional: true

  '@esbuild/linux-ppc64@0.28.1':
    optional: true

  '@esbuild/linux-riscv64@0.28.1':
    optional: true

  '@esbuild/linux-s390x@0.28.1':
    optional: true

  '@esbuild/linux-x64@0.28.1':
    optional: true

  '@esbuild/netbsd-arm64@0.28.1':
    optional: true

  '@esbuild/netbsd-x64@0.28.1':
    optional: true

  '@esbuild/openbsd-arm64@0.28.1':
    optional: true

  '@esbuild/openbsd-x64@0.28.1':
    optional: true

  '@esbuild/openharmony-arm64@0.28.1':
    optional: true

  '@esbuild/sunos-x64@0.28.1':
    optional: true

  '@esbuild/win32-arm64@0.28.1':
    optional: true

  '@esbuild/win32-ia32@0.28.1':
    optional: true

  '@esbuild/win32-x64@0.28.1':
    optional: true

  '@fastify/busboy@2.1.1': {}

  '@proof-computer/liskov-runtime@https://codeload.github.com/proof-computer/liskov-runtime-js/tar.gz/89729b2a59d817a43fbae786bdcdcd4fce900fc3': {}

  '@smithy/core@3.31.0':
    dependencies:
      '@smithy/types': 4.16.1
      tslib: 2.8.1

  '@smithy/credential-provider-imds@4.4.15':
    dependencies:
      '@smithy/core': 3.31.0
      '@smithy/types': 4.16.1
      tslib: 2.8.1

  '@smithy/fetch-http-handler@5.6.12':
    dependencies:
      '@smithy/core': 3.31.0
      '@smithy/types': 4.16.1
      tslib: 2.8.1

  '@smithy/node-http-handler@4.9.12':
    dependencies:
      '@smithy/core': 3.31.0
      '@smithy/types': 4.16.1
      tslib: 2.8.1

  '@smithy/signature-v4@5.6.11':
    dependencies:
      '@smithy/core': 3.31.0
      '@smithy/types': 4.16.1
      tslib: 2.8.1

  '@smithy/types@4.16.1':
    dependencies:
      tslib: 2.8.1

  '@types/adm-zip@0.5.8':
    dependencies:
      '@types/node': 24.13.2

  '@types/node@24.13.2':
    dependencies:
      undici-types: 7.18.2

  adm-zip@0.5.17: {}

  bowser@2.14.1: {}

  esbuild@0.28.1:
    optionalDependencies:
      '@esbuild/aix-ppc64': 0.28.1
      '@esbuild/android-arm': 0.28.1
      '@esbuild/android-arm64': 0.28.1
      '@esbuild/android-x64': 0.28.1
      '@esbuild/darwin-arm64': 0.28.1
      '@esbuild/darwin-x64': 0.28.1
      '@esbuild/freebsd-arm64': 0.28.1
      '@esbuild/freebsd-x64': 0.28.1
      '@esbuild/linux-arm': 0.28.1
      '@esbuild/linux-arm64': 0.28.1
      '@esbuild/linux-ia32': 0.28.1
      '@esbuild/linux-loong64': 0.28.1
      '@esbuild/linux-mips64el': 0.28.1
      '@esbuild/linux-ppc64': 0.28.1
      '@esbuild/linux-riscv64': 0.28.1
      '@esbuild/linux-s390x': 0.28.1
      '@esbuild/linux-x64': 0.28.1
      '@esbuild/netbsd-arm64': 0.28.1
      '@esbuild/netbsd-x64': 0.28.1
      '@esbuild/openbsd-arm64': 0.28.1
      '@esbuild/openbsd-x64': 0.28.1
      '@esbuild/openharmony-arm64': 0.28.1
      '@esbuild/sunos-x64': 0.28.1
      '@esbuild/win32-arm64': 0.28.1
      '@esbuild/win32-ia32': 0.28.1
      '@esbuild/win32-x64': 0.28.1

  fsevents@2.3.3:
    optional: true

  tslib@2.8.1: {}

  tsx@4.22.4:
    dependencies:
      esbuild: 0.28.1
    optionalDependencies:
      fsevents: 2.3.3

  tunnel@0.0.6: {}

  typescript@5.9.3: {}

  undici-types@7.18.2: {}

  undici@5.29.0:
    dependencies:
      '@fastify/busboy': 2.1.1

  yaml@2.9.0: {}
